
Microsoft Visual Studio Solution File, Format Version 11.00
# Visual Studio 2010
Project("{FAE04EC0-301F-11D3-BF4B-00C04F79EFBC}") = "lioli_win7", "lioli_win7\lioli_win7.csproj", "{E591CF2A-87C7-4FE4-86DE-ACEAB21F9FAD}"
EndProject
Global
	GlobalSection(SolutionConfigurationPlatforms) = preSolution
		Debug|Any CPU = Debug|Any CPU
		Release|Any CPU = Release|Any CPU
	EndGlobalSection
	GlobalSection(ProjectConfigurationPlatforms) = postSolution
		{E591CF2A-87C7-4FE4-86DE-ACEAB21F9FAD}.Debug|Any CPU.ActiveCfg = Debug|Any CPU
		{E591CF2A-87C7-4FE4-86DE-ACEAB21F9FAD}.Debug|Any CPU.Build.0 = Debug|Any CPU
		{E591CF2A-87C7-4FE4-86DE-ACEAB21F9FAD}.Debug|Any CPU.Deploy.0 = Debug|Any CPU
		{E591CF2A-87C7-4FE4-86DE-ACEAB21F9FAD}.Release|Any CPU.ActiveCfg = Release|Any CPU
		{E591CF2A-87C7-4FE4-86DE-ACEAB21F9FAD}.Release|Any CPU.Build.0 = Release|Any CPU
		{E591CF2A-87C7-4FE4-86DE-ACEAB21F9FAD}.Release|Any CPU.Deploy.0 = Release|Any CPU
	EndGlobalSection
	GlobalSection(SolutionProperties) = preSolution
		HideSolutionNode = FALSE
	EndGlobalSection
EndGlobal
