// !$*UTF8*$!
{
	archiveVersion = 1;
	classes = {
	};
	objectVersion = 46;
	objects = {

/* Begin PBXBuildFile section */
		64BEE7EA134BEBDE000391FB /* UIKit.framework in Frameworks */ = {isa = PBXBuildFile; fileRef = 64BEE7E9134BEBDE000391FB /* UIKit.framework */; };
		64BEE7EC134BEBDE000391FB /* Foundation.framework in Frameworks */ = {isa = PBXBuildFile; fileRef = 64BEE7EB134BEBDE000391FB /* Foundation.framework */; };
		64BEE7EE134BEBDE000391FB /* CoreGraphics.framework in Frameworks */ = {isa = PBXBuildFile; fileRef = 64BEE7ED134BEBDE000391FB /* CoreGraphics.framework */; };
		64BEE7F4134BEBDE000391FB /* InfoPlist.strings in Resources */ = {isa = PBXBuildFile; fileRef = 64BEE7F2134BEBDE000391FB /* InfoPlist.strings */; };
		64BEE7F7134BEBDE000391FB /* main.m in Sources */ = {isa = PBXBuildFile; fileRef = 64BEE7F6134BEBDE000391FB /* main.m */; };
		64BEE7FA134BEBDE000391FB /* Assignment2AppDelegate.m in Sources */ = {isa = PBXBuildFile; fileRef = 64BEE7F9134BEBDE000391FB /* Assignment2AppDelegate.m */; };
		64BEE7FD134BEBDE000391FB /* MainWindow.xib in Resources */ = {isa = PBXBuildFile; fileRef = 64BEE7FB134BEBDE000391FB /* MainWindow.xib */; };
		64BEE800134BEBDE000391FB /* Assignment2ViewController.m in Sources */ = {isa = PBXBuildFile; fileRef = 64BEE7FF134BEBDE000391FB /* Assignment2ViewController.m */; };
		64BEE803134BEBDE000391FB /* Assignment2ViewController.xib in Resources */ = {isa = PBXBuildFile; fileRef = 64BEE801134BEBDE000391FB /* Assignment2ViewController.xib */; };
		64BEE80A134BEBDF000391FB /* UIKit.framework in Frameworks */ = {isa = PBXBuildFile; fileRef = 64BEE7E9134BEBDE000391FB /* UIKit.framework */; };
		64BEE80B134BEBDF000391FB /* Foundation.framework in Frameworks */ = {isa = PBXBuildFile; fileRef = 64BEE7EB134BEBDE000391FB /* Foundation.framework */; };
		64BEE80C134BEBDF000391FB /* CoreGraphics.framework in Frameworks */ = {isa = PBXBuildFile; fileRef = 64BEE7ED134BEBDE000391FB /* CoreGraphics.framework */; };
		64BEE814134BEBDF000391FB /* InfoPlist.strings in Resources */ = {isa = PBXBuildFile; fileRef = 64BEE812134BEBDF000391FB /* InfoPlist.strings */; };
		64BEE817134BEBDF000391FB /* Assignment2Tests.h in Resources */ = {isa = PBXBuildFile; fileRef = 64BEE816134BEBDF000391FB /* Assignment2Tests.h */; };
		64BEE819134BEBDF000391FB /* Assignment2Tests.m in Sources */ = {isa = PBXBuildFile; fileRef = 64BEE818134BEBDF000391FB /* Assignment2Tests.m */; };
/* End PBXBuildFile section */

/* Begin PBXContainerItemProxy section */
		64BEE80D134BEBDF000391FB /* PBXContainerItemProxy */ = {
			isa = PBXContainerItemProxy;
			containerPortal = 64BEE7DC134BEBDE000391FB /* Project object */;
			proxyType = 1;
			remoteGlobalIDString = 64BEE7E4134BEBDE000391FB;
			remoteInfo = Assignment2;
		};
/* End PBXContainerItemProxy section */

/* Begin PBXFileReference section */
		64BEE7E5134BEBDE000391FB /* Assignment2.app */ = {isa = PBXFileReference; explicitFileType = wrapper.application; includeInIndex = 0; path = Assignment2.app; sourceTree = BUILT_PRODUCTS_DIR; };
		64BEE7E9134BEBDE000391FB /* UIKit.framework */ = {isa = PBXFileReference; lastKnownFileType = wrapper.framework; name = UIKit.framework; path = System/Library/Frameworks/UIKit.framework; sourceTree = SDKROOT; };
		64BEE7EB134BEBDE000391FB /* Foundation.framework */ = {isa = PBXFileReference; lastKnownFileType = wrapper.framework; name = Foundation.framework; path = System/Library/Frameworks/Foundation.framework; sourceTree = SDKROOT; };
		64BEE7ED134BEBDE000391FB /* CoreGraphics.framework */ = {isa = PBXFileReference; lastKnownFileType = wrapper.framework; name = CoreGraphics.framework; path = System/Library/Frameworks/CoreGraphics.framework; sourceTree = SDKROOT; };
		64BEE7F1134BEBDE000391FB /* Assignment2-Info.plist */ = {isa = PBXFileReference; lastKnownFileType = text.plist.xml; path = "Assignment2-Info.plist"; sourceTree = "<group>"; };
		64BEE7F3134BEBDE000391FB /* en */ = {isa = PBXFileReference; lastKnownFileType = text.plist.strings; name = en; path = en.lproj/InfoPlist.strings; sourceTree = "<group>"; };
		64BEE7F5134BEBDE000391FB /* Assignment2-Prefix.pch */ = {isa = PBXFileReference; lastKnownFileType = sourcecode.c.h; path = "Assignment2-Prefix.pch"; sourceTree = "<group>"; };
		64BEE7F6134BEBDE000391FB /* main.m */ = {isa = PBXFileReference; lastKnownFileType = sourcecode.c.objc; path = main.m; sourceTree = "<group>"; };
		64BEE7F8134BEBDE000391FB /* Assignment2AppDelegate.h */ = {isa = PBXFileReference; lastKnownFileType = sourcecode.c.h; path = Assignment2AppDelegate.h; sourceTree = "<group>"; };
		64BEE7F9134BEBDE000391FB /* Assignment2AppDelegate.m */ = {isa = PBXFileReference; lastKnownFileType = sourcecode.c.objc; path = Assignment2AppDelegate.m; sourceTree = "<group>"; };
		64BEE7FC134BEBDE000391FB /* en */ = {isa = PBXFileReference; lastKnownFileType = file.xib; name = en; path = en.lproj/MainWindow.xib; sourceTree = "<group>"; };
		64BEE7FE134BEBDE000391FB /* Assignment2ViewController.h */ = {isa = PBXFileReference; lastKnownFileType = sourcecode.c.h; path = Assignment2ViewController.h; sourceTree = "<group>"; };
		64BEE7FF134BEBDE000391FB /* Assignment2ViewController.m */ = {isa = PBXFileReference; lastKnownFileType = sourcecode.c.objc; path = Assignment2ViewController.m; sourceTree = "<group>"; };
		64BEE802134BEBDE000391FB /* en */ = {isa = PBXFileReference; lastKnownFileType = file.xib; name = en; path = en.lproj/Assignment2ViewController.xib; sourceTree = "<group>"; };
		64BEE809134BEBDF000391FB /* Assignment2Tests.octest */ = {isa = PBXFileReference; explicitFileType = wrapper.cfbundle; includeInIndex = 0; path = Assignment2Tests.octest; sourceTree = BUILT_PRODUCTS_DIR; };
		64BEE811134BEBDF000391FB /* Assignment2Tests-Info.plist */ = {isa = PBXFileReference; lastKnownFileType = text.plist.xml; path = "Assignment2Tests-Info.plist"; sourceTree = "<group>"; };
		64BEE813134BEBDF000391FB /* en */ = {isa = PBXFileReference; lastKnownFileType = text.plist.strings; name = en; path = en.lproj/InfoPlist.strings; sourceTree = "<group>"; };
		64BEE815134BEBDF000391FB /* Assignment2Tests-Prefix.pch */ = {isa = PBXFileReference; lastKnownFileType = sourcecode.c.h; path = "Assignment2Tests-Prefix.pch"; sourceTree = "<group>"; };
		64BEE816134BEBDF000391FB /* Assignment2Tests.h */ = {isa = PBXFileReference; lastKnownFileType = sourcecode.c.h; path = Assignment2Tests.h; sourceTree = "<group>"; };
		64BEE818134BEBDF000391FB /* Assignment2Tests.m */ = {isa = PBXFileReference; lastKnownFileType = sourcecode.c.objc; path = Assignment2Tests.m; sourceTree = "<group>"; };
/* End PBXFileReference section */

/* Begin PBXFrameworksBuildPhase section */
		64BEE7E2134BEBDE000391FB /* Frameworks */ = {
			isa = PBXFrameworksBuildPhase;
			buildActionMask = 2147483647;
			files = (
				64BEE7EA134BEBDE000391FB /* UIKit.framework in Frameworks */,
				64BEE7EC134BEBDE000391FB /* Foundation.framework in Frameworks */,
				64BEE7EE134BEBDE000391FB /* CoreGraphics.framework in Frameworks */,
			);
			runOnlyForDeploymentPostprocessing = 0;
		};
		64BEE805134BEBDF000391FB /* Frameworks */ = {
			isa = PBXFrameworksBuildPhase;
			buildActionMask = 2147483647;
			files = (
				64BEE80A134BEBDF000391FB /* UIKit.framework in Frameworks */,
				64BEE80B134BEBDF000391FB /* Foundation.framework in Frameworks */,
				64BEE80C134BEBDF000391FB /* CoreGraphics.framework in Frameworks */,
			);
			runOnlyForDeploymentPostprocessing = 0;
		};
/* End PBXFrameworksBuildPhase section */

/* Begin PBXGroup section */
		64BEE7DA134BEBDE000391FB = {
			isa = PBXGroup;
			children = (
				64BEE7EF134BEBDE000391FB /* Assignment2 */,
				64BEE80F134BEBDF000391FB /* Assignment2Tests */,
				64BEE7E8134BEBDE000391FB /* Frameworks */,
				64BEE7E6134BEBDE000391FB /* Products */,
			);
			sourceTree = "<group>";
		};
		64BEE7E6134BEBDE000391FB /* Products */ = {
			isa = PBXGroup;
			children = (
				64BEE7E5134BEBDE000391FB /* Assignment2.app */,
				64BEE809134BEBDF000391FB /* Assignment2Tests.octest */,
			);
			name = Products;
			sourceTree = "<group>";
		};
		64BEE7E8134BEBDE000391FB /* Frameworks */ = {
			isa = PBXGroup;
			children = (
				64BEE7E9134BEBDE000391FB /* UIKit.framework */,
				64BEE7EB134BEBDE000391FB /* Foundation.framework */,
				64BEE7ED134BEBDE000391FB /* CoreGraphics.framework */,
			);
			name = Frameworks;
			sourceTree = "<group>";
		};
		64BEE7EF134BEBDE000391FB /* Assignment2 */ = {
			isa = PBXGroup;
			children = (
				64BEE7F8134BEBDE000391FB /* Assignment2AppDelegate.h */,
				64BEE7F9134BEBDE000391FB /* Assignment2AppDelegate.m */,
				64BEE7FB134BEBDE000391FB /* MainWindow.xib */,
				64BEE7FE134BEBDE000391FB /* Assignment2ViewController.h */,
				64BEE7FF134BEBDE000391FB /* Assignment2ViewController.m */,
				64BEE801134BEBDE000391FB /* Assignment2ViewController.xib */,
				64BEE7F0134BEBDE000391FB /* Supporting Files */,
			);
			path = Assignment2;
			sourceTree = "<group>";
		};
		64BEE7F0134BEBDE000391FB /* Supporting Files */ = {
			isa = PBXGroup;
			children = (
				64BEE7F1134BEBDE000391FB /* Assignment2-Info.plist */,
				64BEE7F2134BEBDE000391FB /* InfoPlist.strings */,
				64BEE7F5134BEBDE000391FB /* Assignment2-Prefix.pch */,
				64BEE7F6134BEBDE000391FB /* main.m */,
			);
			name = "Supporting Files";
			sourceTree = "<group>";
		};
		64BEE80F134BEBDF000391FB /* Assignment2Tests */ = {
			isa = PBXGroup;
			children = (
				64BEE816134BEBDF000391FB /* Assignment2Tests.h */,
				64BEE818134BEBDF000391FB /* Assignment2Tests.m */,
				64BEE810134BEBDF000391FB /* Supporting Files */,
			);
			path = Assignment2Tests;
			sourceTree = "<group>";
		};
		64BEE810134BEBDF000391FB /* Supporting Files */ = {
			isa = PBXGroup;
			children = (
				64BEE811134BEBDF000391FB /* Assignment2Tests-Info.plist */,
				64BEE812134BEBDF000391FB /* InfoPlist.strings */,
				64BEE815134BEBDF000391FB /* Assignment2Tests-Prefix.pch */,
			);
			name = "Supporting Files";
			sourceTree = "<group>";
		};
/* End PBXGroup section */

/* Begin PBXNativeTarget section */
		64BEE7E4134BEBDE000391FB /* Assignment2 */ = {
			isa = PBXNativeTarget;
			buildConfigurationList = 64BEE81C134BEBDF000391FB /* Build configuration list for PBXNativeTarget "Assignment2" */;
			buildPhases = (
				64BEE7E1134BEBDE000391FB /* Sources */,
				64BEE7E2134BEBDE000391FB /* Frameworks */,
				64BEE7E3134BEBDE000391FB /* Resources */,
			);
			buildRules = (
			);
			dependencies = (
			);
			name = Assignment2;
			productName = Assignment2;
			productReference = 64BEE7E5134BEBDE000391FB /* Assignment2.app */;
			productType = "com.apple.product-type.application";
		};
		64BEE808134BEBDF000391FB /* Assignment2Tests */ = {
			isa = PBXNativeTarget;
			buildConfigurationList = 64BEE81F134BEBDF000391FB /* Build configuration list for PBXNativeTarget "Assignment2Tests" */;
			buildPhases = (
				64BEE804134BEBDF000391FB /* Sources */,
				64BEE805134BEBDF000391FB /* Frameworks */,
				64BEE806134BEBDF000391FB /* Resources */,
				64BEE807134BEBDF000391FB /* ShellScript */,
			);
			buildRules = (
			);
			dependencies = (
				64BEE80E134BEBDF000391FB /* PBXTargetDependency */,
			);
			name = Assignment2Tests;
			productName = Assignment2Tests;
			productReference = 64BEE809134BEBDF000391FB /* Assignment2Tests.octest */;
			productType = "com.apple.product-type.bundle";
		};
/* End PBXNativeTarget section */

/* Begin PBXProject section */
		64BEE7DC134BEBDE000391FB /* Project object */ = {
			isa = PBXProject;
			attributes = {
				ORGANIZATIONNAME = "Raymond Elward";
			};
			buildConfigurationList = 64BEE7DF134BEBDE000391FB /* Build configuration list for PBXProject "Assignment2" */;
			compatibilityVersion = "Xcode 3.2";
			developmentRegion = English;
			hasScannedForEncodings = 0;
			knownRegions = (
				en,
			);
			mainGroup = 64BEE7DA134BEBDE000391FB;
			productRefGroup = 64BEE7E6134BEBDE000391FB /* Products */;
			projectDirPath = "";
			projectRoot = "";
			targets = (
				64BEE7E4134BEBDE000391FB /* Assignment2 */,
				64BEE808134BEBDF000391FB /* Assignment2Tests */,
			);
		};
/* End PBXProject section */

/* Begin PBXResourcesBuildPhase section */
		64BEE7E3134BEBDE000391FB /* Resources */ = {
			isa = PBXResourcesBuildPhase;
			buildActionMask = 2147483647;
			files = (
				64BEE7F4134BEBDE000391FB /* InfoPlist.strings in Resources */,
				64BEE7FD134BEBDE000391FB /* MainWindow.xib in Resources */,
				64BEE803134BEBDE000391FB /* Assignment2ViewController.xib in Resources */,
			);
			runOnlyForDeploymentPostprocessing = 0;
		};
		64BEE806134BEBDF000391FB /* Resources */ = {
			isa = PBXResourcesBuildPhase;
			buildActionMask = 2147483647;
			files = (
				64BEE814134BEBDF000391FB /* InfoPlist.strings in Resources */,
				64BEE817134BEBDF000391FB /* Assignment2Tests.h in Resources */,
			);
			runOnlyForDeploymentPostprocessing = 0;
		};
/* End PBXResourcesBuildPhase section */

/* Begin PBXShellScriptBuildPhase section */
		64BEE807134BEBDF000391FB /* ShellScript */ = {
			isa = PBXShellScriptBuildPhase;
			buildActionMask = 2147483647;
			files = (
			);
			inputPaths = (
			);
			outputPaths = (
			);
			runOnlyForDeploymentPostprocessing = 0;
			shellPath = /bin/sh;
			shellScript = "# Run the unit tests in this test bundle.\n\"${SYSTEM_DEVELOPER_DIR}/Tools/RunUnitTests\"\n";
		};
/* End PBXShellScriptBuildPhase section */

/* Begin PBXSourcesBuildPhase section */
		64BEE7E1134BEBDE000391FB /* Sources */ = {
			isa = PBXSourcesBuildPhase;
			buildActionMask = 2147483647;
			files = (
				64BEE7F7134BEBDE000391FB /* main.m in Sources */,
				64BEE7FA134BEBDE000391FB /* Assignment2AppDelegate.m in Sources */,
				64BEE800134BEBDE000391FB /* Assignment2ViewController.m in Sources */,
			);
			runOnlyForDeploymentPostprocessing = 0;
		};
		64BEE804134BEBDF000391FB /* Sources */ = {
			isa = PBXSourcesBuildPhase;
			buildActionMask = 2147483647;
			files = (
				64BEE819134BEBDF000391FB /* Assignment2Tests.m in Sources */,
			);
			runOnlyForDeploymentPostprocessing = 0;
		};
/* End PBXSourcesBuildPhase section */

/* Begin PBXTargetDependency section */
		64BEE80E134BEBDF000391FB /* PBXTargetDependency */ = {
			isa = PBXTargetDependency;
			target = 64BEE7E4134BEBDE000391FB /* Assignment2 */;
			targetProxy = 64BEE80D134BEBDF000391FB /* PBXContainerItemProxy */;
		};
/* End PBXTargetDependency section */

/* Begin PBXVariantGroup section */
		64BEE7F2134BEBDE000391FB /* InfoPlist.strings */ = {
			isa = PBXVariantGroup;
			children = (
				64BEE7F3134BEBDE000391FB /* en */,
			);
			name = InfoPlist.strings;
			sourceTree = "<group>";
		};
		64BEE7FB134BEBDE000391FB /* MainWindow.xib */ = {
			isa = PBXVariantGroup;
			children = (
				64BEE7FC134BEBDE000391FB /* en */,
			);
			name = MainWindow.xib;
			sourceTree = "<group>";
		};
		64BEE801134BEBDE000391FB /* Assignment2ViewController.xib */ = {
			isa = PBXVariantGroup;
			children = (
				64BEE802134BEBDE000391FB /* en */,
			);
			name = Assignment2ViewController.xib;
			sourceTree = "<group>";
		};
		64BEE812134BEBDF000391FB /* InfoPlist.strings */ = {
			isa = PBXVariantGroup;
			children = (
				64BEE813134BEBDF000391FB /* en */,
			);
			name = InfoPlist.strings;
			sourceTree = "<group>";
		};
/* End PBXVariantGroup section */

/* Begin XCBuildConfiguration section */
		64BEE81A134BEBDF000391FB /* Debug */ = {
			isa = XCBuildConfiguration;
			buildSettings = {
				ARCHS = "$(ARCHS_STANDARD_32_BIT)";
				"CODE_SIGN_IDENTITY[sdk=iphoneos*]" = "iPhone Developer";
				GCC_C_LANGUAGE_STANDARD = gnu99;
				GCC_OPTIMIZATION_LEVEL = 0;
				GCC_PREPROCESSOR_DEFINITIONS = DEBUG;
				GCC_SYMBOLS_PRIVATE_EXTERN = NO;
				GCC_VERSION = com.apple.compilers.llvmgcc42;
				GCC_WARN_ABOUT_RETURN_TYPE = YES;
				GCC_WARN_UNUSED_VARIABLE = YES;
				IPHONEOS_DEPLOYMENT_TARGET = 4.3;
				SDKROOT = iphoneos;
			};
			name = Debug;
		};
		64BEE81B134BEBDF000391FB /* Release */ = {
			isa = XCBuildConfiguration;
			buildSettings = {
				ARCHS = "$(ARCHS_STANDARD_32_BIT)";
				"CODE_SIGN_IDENTITY[sdk=iphoneos*]" = "iPhone Developer";
				GCC_C_LANGUAGE_STANDARD = gnu99;
				GCC_VERSION = com.apple.compilers.llvmgcc42;
				GCC_WARN_ABOUT_RETURN_TYPE = YES;
				GCC_WARN_UNUSED_VARIABLE = YES;
				IPHONEOS_DEPLOYMENT_TARGET = 4.3;
				OTHER_CFLAGS = "-DNS_BLOCK_ASSERTIONS=1";
				SDKROOT = iphoneos;
			};
			name = Release;
		};
		64BEE81D134BEBDF000391FB /* Debug */ = {
			isa = XCBuildConfiguration;
			buildSettings = {
				ALWAYS_SEARCH_USER_PATHS = NO;
				COPY_PHASE_STRIP = NO;
				GCC_DYNAMIC_NO_PIC = NO;
				GCC_PRECOMPILE_PREFIX_HEADER = YES;
				GCC_PREFIX_HEADER = "Assignment2/Assignment2-Prefix.pch";
				INFOPLIST_FILE = "Assignment2/Assignment2-Info.plist";
				PRODUCT_NAME = "$(TARGET_NAME)";
				WRAPPER_EXTENSION = app;
			};
			name = Debug;
		};
		64BEE81E134BEBDF000391FB /* Release */ = {
			isa = XCBuildConfiguration;
			buildSettings = {
				ALWAYS_SEARCH_USER_PATHS = NO;
				COPY_PHASE_STRIP = YES;
				GCC_PRECOMPILE_PREFIX_HEADER = YES;
				GCC_PREFIX_HEADER = "Assignment2/Assignment2-Prefix.pch";
				INFOPLIST_FILE = "Assignment2/Assignment2-Info.plist";
				PRODUCT_NAME = "$(TARGET_NAME)";
				VALIDATE_PRODUCT = YES;
				WRAPPER_EXTENSION = app;
			};
			name = Release;
		};
		64BEE820134BEBDF000391FB /* Debug */ = {
			isa = XCBuildConfiguration;
			buildSettings = {
				ALWAYS_SEARCH_USER_PATHS = NO;
				BUNDLE_LOADER = "$(BUILT_PRODUCTS_DIR)/Assignment2.app/Assignment2";
				FRAMEWORK_SEARCH_PATHS = (
					"$(SDKROOT)/Developer/Library/Frameworks",
					"$(DEVELOPER_LIBRARY_DIR)/Frameworks",
				);
				GCC_PRECOMPILE_PREFIX_HEADER = YES;
				GCC_PREFIX_HEADER = "Assignment2Tests/Assignment2Tests-Prefix.pch";
				INFOPLIST_FILE = "Assignment2Tests/Assignment2Tests-Info.plist";
				OTHER_LDFLAGS = (
					"-framework",
					SenTestingKit,
				);
				PRODUCT_NAME = "$(TARGET_NAME)";
				TEST_HOST = "$(BUNDLE_LOADER)";
				WRAPPER_EXTENSION = octest;
			};
			name = Debug;
		};
		64BEE821134BEBDF000391FB /* Release */ = {
			isa = XCBuildConfiguration;
			buildSettings = {
				ALWAYS_SEARCH_USER_PATHS = NO;
				BUNDLE_LOADER = "$(BUILT_PRODUCTS_DIR)/Assignment2.app/Assignment2";
				FRAMEWORK_SEARCH_PATHS = (
					"$(SDKROOT)/Developer/Library/Frameworks",
					"$(DEVELOPER_LIBRARY_DIR)/Frameworks",
				);
				GCC_PRECOMPILE_PREFIX_HEADER = YES;
				GCC_PREFIX_HEADER = "Assignment2Tests/Assignment2Tests-Prefix.pch";
				INFOPLIST_FILE = "Assignment2Tests/Assignment2Tests-Info.plist";
				OTHER_LDFLAGS = (
					"-framework",
					SenTestingKit,
				);
				PRODUCT_NAME = "$(TARGET_NAME)";
				TEST_HOST = "$(BUNDLE_LOADER)";
				WRAPPER_EXTENSION = octest;
			};
			name = Release;
		};
/* End XCBuildConfiguration section */

/* Begin XCConfigurationList section */
		64BEE7DF134BEBDE000391FB /* Build configuration list for PBXProject "Assignment2" */ = {
			isa = XCConfigurationList;
			buildConfigurations = (
				64BEE81A134BEBDF000391FB /* Debug */,
				64BEE81B134BEBDF000391FB /* Release */,
			);
			defaultConfigurationIsVisible = 0;
			defaultConfigurationName = Release;
		};
		64BEE81C134BEBDF000391FB /* Build configuration list for PBXNativeTarget "Assignment2" */ = {
			isa = XCConfigurationList;
			buildConfigurations = (
				64BEE81D134BEBDF000391FB /* Debug */,
				64BEE81E134BEBDF000391FB /* Release */,
			);
			defaultConfigurationIsVisible = 0;
			defaultConfigurationName = Release;
		};
		64BEE81F134BEBDF000391FB /* Build configuration list for PBXNativeTarget "Assignment2Tests" */ = {
			isa = XCConfigurationList;
			buildConfigurations = (
				64BEE820134BEBDF000391FB /* Debug */,
				64BEE821134BEBDF000391FB /* Release */,
			);
			defaultConfigurationIsVisible = 0;
			defaultConfigurationName = Release;
		};
/* End XCConfigurationList section */
	};
	rootObject = 64BEE7DC134BEBDE000391FB /* Project object */;
}
